
Microsoft Visual Studio Solution File, Format Version 12.00
# Visual Studio Version 16
VisualStudioVersion = 16.0.31624.102
MinimumVisualStudioVersion = 10.0.40219.1
Project("{FAE04EC0-301F-11D3-BF4B-00C04F79EFBC}") = "MovieAPI", "MovieAPI.csproj", "{1C09994A-0BEA-4EA1-BFE6-8E3AAE315276}"
EndProject
Global
	GlobalSection(SolutionConfigurationPlatforms) = preSolution
		Debug|Any CPU = Debug|Any CPU
		Release|Any CPU = Release|Any CPU
	EndGlobalSection
	GlobalSection(ProjectConfigurationPlatforms) = postSolution
		{1C09994A-0BEA-4EA1-BFE6-8E3AAE315276}.Debug|Any CPU.ActiveCfg = Debug|Any CPU
		{1C09994A-0BEA-4EA1-BFE6-8E3AAE315276}.Debug|Any CPU.Build.0 = Debug|Any CPU
		{1C09994A-0BEA-4EA1-BFE6-8E3AAE315276}.Release|Any CPU.ActiveCfg = Release|Any CPU
		{1C09994A-0BEA-4EA1-BFE6-8E3AAE315276}.Release|Any CPU.Build.0 = Release|Any CPU
	EndGlobalSection
	GlobalSection(SolutionProperties) = preSolution
		HideSolutionNode = FALSE
	EndGlobalSection
	GlobalSection(ExtensibilityGlobals) = postSolution
		SolutionGuid = {BA589D9C-4D45-47F3-9E94-0586D1232017}
	EndGlobalSection
EndGlobal
